
Microsoft Visual Studio Solution File, Format Version 12.00
# Visual Studio Version 17
VisualStudioVersion = 17.6.33829.357
MinimumVisualStudioVersion = 10.0.40219.1
Project("{9A19103F-16F7-4668-BE54-9A1E7A4F7556}") = "Pbac.AspNetCore", "Pbac.AspNetCore\Pbac.AspNetCore.csproj", "{0B8C9171-4AAA-4B0E-9D2D-1C202B1CAC73}"
EndProject
Project("{9A19103F-16F7-4668-BE54-9A1E7A4F7556}") = "Pbac.AspNetCore.Benchmarks", "Pbac.AspNetCore.Benchmarks\Pbac.AspNetCore.Benchmarks.csproj", "{2A54D1E9-E958-4FC3-AD74-CA6ECA9404C2}"
EndProject
Project("{9A19103F-16F7-4668-BE54-9A1E7A4F7556}") = "Pbac.AspNetCore.Example", "Pbac.AspNetCore.Example\Pbac.AspNetCore.Example.csproj", "{AFA91B32-495B-4E02-961D-8A3E5C00D8B8}"
EndProject
Project("{9A19103F-16F7-4668-BE54-9A1E7A4F7556}") = "Pbac.AspNetCore.Tests", "Pbac.AspNetCore.Tests\Pbac.AspNetCore.Tests.csproj", "{F09C726E-B663-4856-BFB3-5368A454ACC5}"
EndProject
Project("{9A19103F-16F7-4668-BE54-9A1E7A4F7556}") = "_misc", "_misc.csproj", "{2A45D299-F28C-4D4E-8A3A-8D9D33E3776D}"
EndProject
Global
	GlobalSection(SolutionConfigurationPlatforms) = preSolution
		Debug|Any CPU = Debug|Any CPU
		Release|Any CPU = Release|Any CPU
	EndGlobalSection
	GlobalSection(ProjectConfigurationPlatforms) = postSolution
		{0B8C9171-4AAA-4B0E-9D2D-1C202B1CAC73}.Debug|Any CPU.ActiveCfg = Debug|Any CPU
		{0B8C9171-4AAA-4B0E-9D2D-1C202B1CAC73}.Debug|Any CPU.Build.0 = Debug|Any CPU
		{0B8C9171-4AAA-4B0E-9D2D-1C202B1CAC73}.Release|Any CPU.ActiveCfg = Release|Any CPU
		{0B8C9171-4AAA-4B0E-9D2D-1C202B1CAC73}.Release|Any CPU.Build.0 = Release|Any CPU
		{2A54D1E9-E958-4FC3-AD74-CA6ECA9404C2}.Debug|Any CPU.ActiveCfg = Debug|Any CPU
		{2A54D1E9-E958-4FC3-AD74-CA6ECA9404C2}.Debug|Any CPU.Build.0 = Debug|Any CPU
		{2A54D1E9-E958-4FC3-AD74-CA6ECA9404C2}.Release|Any CPU.ActiveCfg = Release|Any CPU
		{2A54D1E9-E958-4FC3-AD74-CA6ECA9404C2}.Release|Any CPU.Build.0 = Release|Any CPU
		{AFA91B32-495B-4E02-961D-8A3E5C00D8B8}.Debug|Any CPU.ActiveCfg = Debug|Any CPU
		{AFA91B32-495B-4E02-961D-8A3E5C00D8B8}.Debug|Any CPU.Build.0 = Debug|Any CPU
		{AFA91B32-495B-4E02-961D-8A3E5C00D8B8}.Release|Any CPU.ActiveCfg = Release|Any CPU
		{AFA91B32-495B-4E02-961D-8A3E5C00D8B8}.Release|Any CPU.Build.0 = Release|Any CPU
		{F09C726E-B663-4856-BFB3-5368A454ACC5}.Debug|Any CPU.ActiveCfg = Debug|Any CPU
		{F09C726E-B663-4856-BFB3-5368A454ACC5}.Debug|Any CPU.Build.0 = Debug|Any CPU
		{F09C726E-B663-4856-BFB3-5368A454ACC5}.Release|Any CPU.ActiveCfg = Release|Any CPU
		{F09C726E-B663-4856-BFB3-5368A454ACC5}.Release|Any CPU.Build.0 = Release|Any CPU
		{2A45D299-F28C-4D4E-8A3A-8D9D33E3776D}.Debug|Any CPU.ActiveCfg = Debug|Any CPU
		{2A45D299-F28C-4D4E-8A3A-8D9D33E3776D}.Debug|Any CPU.Build.0 = Debug|Any CPU
		{2A45D299-F28C-4D4E-8A3A-8D9D33E3776D}.Release|Any CPU.ActiveCfg = Release|Any CPU
		{2A45D299-F28C-4D4E-8A3A-8D9D33E3776D}.Release|Any CPU.Build.0 = Release|Any CPU
	EndGlobalSection
	GlobalSection(SolutionProperties) = preSolution
		HideSolutionNode = FALSE
	EndGlobalSection
	GlobalSection(ExtensibilityGlobals) = postSolution
		SolutionGuid = {5CC9B528-E230-469A-B5FA-A45AA70CE8F0}
	EndGlobalSection
EndGlobal
